
Microsoft Visual Studio Solution File, Format Version 12.00
# Visual Studio Version 17
VisualStudioVersion = 17.9.34321.82
MinimumVisualStudioVersion = 10.0.40219.1
Project("{9A19103F-16F7-4668-BE54-9A1E7A4F7556}") = "AngelOne.SmartApi.Clients", "src\Clients\AngelOne.SmartApi.Clients.csproj", "{827BCEE9-8580-44F8-813A-B8437F9BC83F}"
EndProject
Project("{9A19103F-16F7-4668-BE54-9A1E7A4F7556}") = "AngelOne.SmartApi.Client.Sample", "src\Sample\AngelOne.SmartApi.Client.Sample.csproj", "{F2F9BEAB-5A0D-489D-B91C-C0E2E7B46796}"
EndProject
Project("{2150E333-8FDC-42A3-9474-1A3956D46DE8}") = "SolutionItems", "SolutionItems", "{469B833E-8D40-4B1B-B685-E9F96AABEBCF}"
	ProjectSection(SolutionItems) = preProject
		Directory.Build.props = Directory.Build.props
		README.md = README.md
	EndProjectSection
EndProject
Global
	GlobalSection(SolutionConfigurationPlatforms) = preSolution
		Debug|Any CPU = Debug|Any CPU
		Release|Any CPU = Release|Any CPU
	EndGlobalSection
	GlobalSection(ProjectConfigurationPlatforms) = postSolution
		{827BCEE9-8580-44F8-813A-B8437F9BC83F}.Debug|Any CPU.ActiveCfg = Debug|Any CPU
		{827BCEE9-8580-44F8-813A-B8437F9BC83F}.Debug|Any CPU.Build.0 = Debug|Any CPU
		{827BCEE9-8580-44F8-813A-B8437F9BC83F}.Release|Any CPU.ActiveCfg = Release|Any CPU
		{827BCEE9-8580-44F8-813A-B8437F9BC83F}.Release|Any CPU.Build.0 = Release|Any CPU
		{F2F9BEAB-5A0D-489D-B91C-C0E2E7B46796}.Debug|Any CPU.ActiveCfg = Debug|Any CPU
		{F2F9BEAB-5A0D-489D-B91C-C0E2E7B46796}.Debug|Any CPU.Build.0 = Debug|Any CPU
		{F2F9BEAB-5A0D-489D-B91C-C0E2E7B46796}.Release|Any CPU.ActiveCfg = Release|Any CPU
		{F2F9BEAB-5A0D-489D-B91C-C0E2E7B46796}.Release|Any CPU.Build.0 = Release|Any CPU
	EndGlobalSection
	GlobalSection(SolutionProperties) = preSolution
		HideSolutionNode = FALSE
	EndGlobalSection
	GlobalSection(ExtensibilityGlobals) = postSolution
		SolutionGuid = {0C4CED73-601D-4C80-9BD0-772F67266154}
	EndGlobalSection
EndGlobal
